
Microsoft Visual Studio Solution File, Format Version 12.00
# Visual Studio 15
VisualStudioVersion = 15.0.28307.902
MinimumVisualStudioVersion = 10.0.40219.1
Project("{FAE04EC0-301F-11D3-BF4B-00C04F79EFBC}") = "TestApp", "TestApp\TestApp.csproj", "{CCA3417F-6905-4B57-A783-40854D798BB2}"
EndProject
Global
	GlobalSection(SolutionConfigurationPlatforms) = preSolution
		Debug|Any CPU = Debug|Any CPU
		Release|Any CPU = Release|Any CPU
	EndGlobalSection
	GlobalSection(ProjectConfigurationPlatforms) = postSolution
		{CCA3417F-6905-4B57-A783-40854D798BB2}.Debug|Any CPU.ActiveCfg = Debug|Any CPU
		{CCA3417F-6905-4B57-A783-40854D798BB2}.Debug|Any CPU.Build.0 = Debug|Any CPU
		{CCA3417F-6905-4B57-A783-40854D798BB2}.Release|Any CPU.ActiveCfg = Release|Any CPU
		{CCA3417F-6905-4B57-A783-40854D798BB2}.Release|Any CPU.Build.0 = Release|Any CPU
	EndGlobalSection
	GlobalSection(SolutionProperties) = preSolution
		HideSolutionNode = FALSE
	EndGlobalSection
	GlobalSection(ExtensibilityGlobals) = postSolution
		SolutionGuid = {9E08BD3E-E33A-485F-8E7C-372EEB430FB3}
	EndGlobalSection
EndGlobal
